Microsoft Visual Studio Solution File, Format Version 12.00
# Visual Studio Version 16
VisualStudioVersion = 16.0.31205.134
MinimumVisualStudioVersion = 10.0.40219.1
Project("{9A19103F-16F7-4668-BE54-9A1E7A4F7556}") = "Discogs.Api", "Discogs.Api\Discogs.Api.csproj", "{028C0F5E-2E86-4C23-BD76-72D6BF377FC8}"
EndProject
Project("{9A19103F-16F7-4668-BE54-9A1E7A4F7556}") = "Discogs.Api.Tests", "Discogs.Api.Tests\Discogs.Api.Tests.csproj", "{2D595990-1094-4980-919D-72E10B7408F2}"
EndProject
Project("{2150E333-8FDC-42A3-9474-1A3956D46DE8}") = "Solution Items", "Solution Items", "{54B336A3-64B4-49D0-95B9-828A774BB85C}"
	ProjectSection(SolutionItems) = preProject
		.gitattributes = .gitattributes
		.gitignore = .gitignore
	EndProjectSection
EndProject
Global
	GlobalSection(SolutionConfigurationPlatforms) = preSolution
		Debug|Any CPU = Debug|Any CPU
		Debug|x64 = Debug|x64
		Debug|x86 = Debug|x86
		Release|Any CPU = Release|Any CPU
		Release|x64 = Release|x64
		Release|x86 = Release|x86
	EndGlobalSection
	GlobalSection(ProjectConfigurationPlatforms) = postSolution
		{028C0F5E-2E86-4C23-BD76-72D6BF377FC8}.Debug|Any CPU.ActiveCfg = Debug|Any CPU
		{028C0F5E-2E86-4C23-BD76-72D6BF377FC8}.Debug|Any CPU.Build.0 = Debug|Any CPU
		{028C0F5E-2E86-4C23-BD76-72D6BF377FC8}.Debug|x64.ActiveCfg = Debug|Any CPU
		{028C0F5E-2E86-4C23-BD76-72D6BF377FC8}.Debug|x64.Build.0 = Debug|Any CPU
		{028C0F5E-2E86-4C23-BD76-72D6BF377FC8}.Debug|x86.ActiveCfg = Debug|Any CPU
		{028C0F5E-2E86-4C23-BD76-72D6BF377FC8}.Debug|x86.Build.0 = Debug|Any CPU
		{028C0F5E-2E86-4C23-BD76-72D6BF377FC8}.Release|Any CPU.ActiveCfg = Release|Any CPU
		{028C0F5E-2E86-4C23-BD76-72D6BF377FC8}.Release|Any CPU.Build.0 = Release|Any CPU
		{028C0F5E-2E86-4C23-BD76-72D6BF377FC8}.Release|x64.ActiveCfg = Release|Any CPU
		{028C0F5E-2E86-4C23-BD76-72D6BF377FC8}.Release|x64.Build.0 = Release|Any CPU
		{028C0F5E-2E86-4C23-BD76-72D6BF377FC8}.Release|x86.ActiveCfg = Release|Any CPU
		{028C0F5E-2E86-4C23-BD76-72D6BF377FC8}.Release|x86.Build.0 = Release|Any CPU
		{2D595990-1094-4980-919D-72E10B7408F2}.Debug|Any CPU.ActiveCfg = Debug|Any CPU
		{2D595990-1094-4980-919D-72E10B7408F2}.Debug|Any CPU.Build.0 = Debug|Any CPU
		{2D595990-1094-4980-919D-72E10B7408F2}.Debug|x64.ActiveCfg = Debug|Any CPU
		{2D595990-1094-4980-919D-72E10B7408F2}.Debug|x64.Build.0 = Debug|Any CPU
		{2D595990-1094-4980-919D-72E10B7408F2}.Debug|x86.ActiveCfg = Debug|Any CPU
		{2D595990-1094-4980-919D-72E10B7408F2}.Debug|x86.Build.0 = Debug|Any CPU
		{2D595990-1094-4980-919D-72E10B7408F2}.Release|Any CPU.ActiveCfg = Release|Any CPU
		{2D595990-1094-4980-919D-72E10B7408F2}.Release|Any CPU.Build.0 = Release|Any CPU
		{2D595990-1094-4980-919D-72E10B7408F2}.Release|x64.ActiveCfg = Release|Any CPU
		{2D595990-1094-4980-919D-72E10B7408F2}.Release|x64.Build.0 = Release|Any CPU
		{2D595990-1094-4980-919D-72E10B7408F2}.Release|x86.ActiveCfg = Release|Any CPU
		{2D595990-1094-4980-919D-72E10B7408F2}.Release|x86.Build.0 = Release|Any CPU
	EndGlobalSection
	GlobalSection(SolutionProperties) = preSolution
		HideSolutionNode = FALSE
	EndGlobalSection
	GlobalSection(ExtensibilityGlobals) = postSolution
		SolutionGuid = {474FA58C-2FE6-4CED-B101-3B75596B60DA}
	EndGlobalSection
EndGlobal
